
Microsoft Visual Studio Solution File, Format Version 12.00
# Visual Studio Version 16
VisualStudioVersion = 16.0.29411.108
MinimumVisualStudioVersion = 10.0.40219.1
Project("{9A19103F-16F7-4668-BE54-9A1E7A4F7556}") = "CrudMasterApi", "crudMasterApi\CrudMasterApi.csproj", "{07874E13-F0F7-43A2-9819-E29316510942}"
EndProject
Project("{9A19103F-16F7-4668-BE54-9A1E7A4F7556}") = "CrudMaster", "CrudMaster\CrudMaster.csproj", "{A65ACCC7-317F-45A5-955B-DDFDE8D54E63}"
EndProject
Project("{9A19103F-16F7-4668-BE54-9A1E7A4F7556}") = "ExpressionBuilder", "ExpressionBuilder\ExpressionBuilder.csproj", "{60F6443B-16EC-4C42-870B-F9D33B3AD45D}"
EndProject
Project("{2150E333-8FDC-42A3-9474-1A3956D46DE8}") = "CrudMaster.lib", "CrudMaster.lib", "{EE3622A6-A414-4FDF-8C67-DF366BA41003}"
EndProject
Global
	GlobalSection(SolutionConfigurationPlatforms) = preSolution
		Debug|Any CPU = Debug|Any CPU
		Release|Any CPU = Release|Any CPU
	EndGlobalSection
	GlobalSection(ProjectConfigurationPlatforms) = postSolution
		{07874E13-F0F7-43A2-9819-E29316510942}.Debug|Any CPU.ActiveCfg = Debug|Any CPU
		{07874E13-F0F7-43A2-9819-E29316510942}.Debug|Any CPU.Build.0 = Debug|Any CPU
		{07874E13-F0F7-43A2-9819-E29316510942}.Release|Any CPU.ActiveCfg = Release|Any CPU
		{07874E13-F0F7-43A2-9819-E29316510942}.Release|Any CPU.Build.0 = Release|Any CPU
		{A65ACCC7-317F-45A5-955B-DDFDE8D54E63}.Debug|Any CPU.ActiveCfg = Debug|Any CPU
		{A65ACCC7-317F-45A5-955B-DDFDE8D54E63}.Debug|Any CPU.Build.0 = Debug|Any CPU
		{A65ACCC7-317F-45A5-955B-DDFDE8D54E63}.Release|Any CPU.ActiveCfg = Release|Any CPU
		{A65ACCC7-317F-45A5-955B-DDFDE8D54E63}.Release|Any CPU.Build.0 = Release|Any CPU
		{60F6443B-16EC-4C42-870B-F9D33B3AD45D}.Debug|Any CPU.ActiveCfg = Debug|Any CPU
		{60F6443B-16EC-4C42-870B-F9D33B3AD45D}.Debug|Any CPU.Build.0 = Debug|Any CPU
		{60F6443B-16EC-4C42-870B-F9D33B3AD45D}.Release|Any CPU.ActiveCfg = Release|Any CPU
		{60F6443B-16EC-4C42-870B-F9D33B3AD45D}.Release|Any CPU.Build.0 = Release|Any CPU
	EndGlobalSection
	GlobalSection(SolutionProperties) = preSolution
		HideSolutionNode = FALSE
	EndGlobalSection
	GlobalSection(NestedProjects) = preSolution
		{A65ACCC7-317F-45A5-955B-DDFDE8D54E63} = {EE3622A6-A414-4FDF-8C67-DF366BA41003}
		{60F6443B-16EC-4C42-870B-F9D33B3AD45D} = {EE3622A6-A414-4FDF-8C67-DF366BA41003}
	EndGlobalSection
	GlobalSection(ExtensibilityGlobals) = postSolution
		SolutionGuid = {9A5C8BBC-86B0-46A3-A292-F9E26900EA24}
	EndGlobalSection
EndGlobal
